// !$*UTF8*$!
{
	archiveVersion = 1;
	classes = {
	};
	objectVersion = 50;
	objects = {

/* Begin PBXBuildFile section */
		3FFE91CD22C04EC30056D486 /* main.m in Sources */ = {isa = PBXBuildFile; fileRef = 3FFE91CC22C04EC30056D486 /* main.m */; };
		3FFE91D922C0550A0056D486 /* TangMenu.m in Sources */ = {isa = PBXBuildFile; fileRef = 3FFE91D822C0550A0056D486 /* TangMenu.m */; };
		3FFE91DC22C055B60056D486 /* TangTelbook.m in Sources */ = {isa = PBXBuildFile; fileRef = 3FFE91DB22C055B60056D486 /* TangTelbook.m */; };
/* End PBXBuildFile section */

/* Begin PBXCopyFilesBuildPhase section */
		3FFE91C722C04EC30056D486 /* CopyFiles */ = {
			isa = PBXCopyFilesBuildPhase;
			buildActionMask = 2147483647;
			dstPath = /usr/share/man/man1/;
			dstSubfolderSpec = 0;
			files = (
			);
			runOnlyForDeploymentPostprocessing = 1;
		};
/* End PBXCopyFilesBuildPhase section */

/* Begin PBXFileReference section */
		3FFE91C922C04EC30056D486 /* 汤老师的通讯录 */ = {isa = PBXFileReference; explicitFileType = "compiled.mach-o.executable"; includeInIndex = 0; path = "汤老师的通讯录"; sourceTree = BUILT_PRODUCTS_DIR; };
		3FFE91CC22C04EC30056D486 /* main.m */ = {isa = PBXFileReference; lastKnownFileType = sourcecode.c.objc; path = main.m; sourceTree = "<group>"; };
		3FFE91D722C0550A0056D486 /* TangMenu.h */ = {isa = PBXFileReference; lastKnownFileType = sourcecode.c.h; path = TangMenu.h; sourceTree = "<group>"; };
		3FFE91D822C0550A0056D486 /* TangMenu.m */ = {isa = PBXFileReference; lastKnownFileType = sourcecode.c.objc; path = TangMenu.m; sourceTree = "<group>"; };
		3FFE91DA22C055B60056D486 /* TangTelbook.h */ = {isa = PBXFileReference; lastKnownFileType = sourcecode.c.h; path = TangTelbook.h; sourceTree = "<group>"; };
		3FFE91DB22C055B60056D486 /* TangTelbook.m */ = {isa = PBXFileReference; lastKnownFileType = sourcecode.c.objc; path = TangTelbook.m; sourceTree = "<group>"; };
/* End PBXFileReference section */

/* Begin PBXFrameworksBuildPhase section */
		3FFE91C622C04EC30056D486 /* Frameworks */ = {
			isa = PBXFrameworksBuildPhase;
			buildActionMask = 2147483647;
			files = (
			);
			runOnlyForDeploymentPostprocessing = 0;
		};
/* End PBXFrameworksBuildPhase section */

/* Begin PBXGroup section */
		3FFE91C022C04EC30056D486 = {
			isa = PBXGroup;
			children = (
				3FFE91CB22C04EC30056D486 /* 汤老师的通讯录 */,
				3FFE91CA22C04EC30056D486 /* Products */,
			);
			sourceTree = "<group>";
		};
		3FFE91CA22C04EC30056D486 /* Products */ = {
			isa = PBXGroup;
			children = (
				3FFE91C922C04EC30056D486 /* 汤老师的通讯录 */,
			);
			name = Products;
			sourceTree = "<group>";
		};
		3FFE91CB22C04EC30056D486 /* 汤老师的通讯录 */ = {
			isa = PBXGroup;
			children = (
				3FFE91CC22C04EC30056D486 /* main.m */,
				3FFE91D722C0550A0056D486 /* TangMenu.h */,
				3FFE91D822C0550A0056D486 /* TangMenu.m */,
				3FFE91DA22C055B60056D486 /* TangTelbook.h */,
				3FFE91DB22C055B60056D486 /* TangTelbook.m */,
			);
			path = "汤老师的通讯录";
			sourceTree = "<group>";
		};
/* End PBXGroup section */

/* Begin PBXNativeTarget section */
		3FFE91C822C04EC30056D486 /* 汤老师的通讯录 */ = {
			isa = PBXNativeTarget;
			buildConfigurationList = 3FFE91D022C04EC30056D486 /* Build configuration list for PBXNativeTarget "汤老师的通讯录" */;
			buildPhases = (
				3FFE91C522C04EC30056D486 /* Sources */,
				3FFE91C622C04EC30056D486 /* Frameworks */,
				3FFE91C722C04EC30056D486 /* CopyFiles */,
			);
			buildRules = (
			);
			dependencies = (
			);
			name = "汤老师的通讯录";
			productName = "汤老师的通讯录";
			productReference = 3FFE91C922C04EC30056D486 /* 汤老师的通讯录 */;
			productType = "com.apple.product-type.tool";
		};
/* End PBXNativeTarget section */

/* Begin PBXProject section */
		3FFE91C122C04EC30056D486 /* Project object */ = {
			isa = PBXProject;
			attributes = {
				LastUpgradeCheck = 1010;
				ORGANIZATIONNAME = student;
				TargetAttributes = {
					3FFE91C822C04EC30056D486 = {
						CreatedOnToolsVersion = 10.1;
					};
				};
			};
			buildConfigurationList = 3FFE91C422C04EC30056D486 /* Build configuration list for PBXProject "汤老师的通讯录" */;
			compatibilityVersion = "Xcode 9.3";
			developmentRegion = en;
			hasScannedForEncodings = 0;
			knownRegions = (
				en,
			);
			mainGroup = 3FFE91C022C04EC30056D486;
			productRefGroup = 3FFE91CA22C04EC30056D486 /* Products */;
			projectDirPath = "";
			projectRoot = "";
			targets = (
				3FFE91C822C04EC30056D486 /* 汤老师的通讯录 */,
			);
		};
/* End PBXProject section */

/* Begin PBXSourcesBuildPhase section */
		3FFE91C522C04EC30056D486 /* Sources */ = {
			isa = PBXSourcesBuildPhase;
			buildActionMask = 2147483647;
			files = (
				3FFE91DC22C055B60056D486 /* TangTelbook.m in Sources */,
				3FFE91D922C0550A0056D486 /* TangMenu.m in Sources */,
				3FFE91CD22C04EC30056D486 /* main.m in Sources */,
			);
			runOnlyForDeploymentPostprocessing = 0;
		};
/* End PBXSourcesBuildPhase section */

/* Begin XCBuildConfiguration section */
		3FFE91CE22C04EC30056D486 /* Debug */ = {
			isa = XCBuildConfiguration;
			buildSettings = {
				ALWAYS_SEARCH_USER_PATHS = NO;
				CLANG_ANALYZER_NONNULL = YES;
				CLANG_ANALYZER_NUMBER_OBJECT_CONVERSION = YES_AGGRESSIVE;
				CLANG_CXX_LANGUAGE_STANDARD = "gnu++14";
				CLANG_CXX_LIBRARY = "libc++";
				CLANG_ENABLE_MODULES = YES;
				CLANG_ENABLE_OBJC_ARC = YES;
				CLANG_ENABLE_OBJC_WEAK = YES;
				CLANG_WARN_BLOCK_CAPTURE_AUTORELEASING = YES;
				CLANG_WARN_BOOL_CONVERSION = YES;
				CLANG_WARN_COMMA = YES;
				CLANG_WARN_CONSTANT_CONVERSION = YES;
				CLANG_WARN_DEPRECATED_OBJC_IMPLEMENTATIONS = YES;
				CLANG_WARN_DIRECT_OBJC_ISA_USAGE = YES_ERROR;
				CLANG_WARN_DOCUMENTATION_COMMENTS = YES;
				CLANG_WARN_EMPTY_BODY = YES;
				CLANG_WARN_ENUM_CONVERSION = YES;
				CLANG_WARN_INFINITE_RECURSION = YES;
				CLANG_WARN_INT_CONVERSION = YES;
				CLANG_WARN_NON_LITERAL_NULL_CONVERSION = YES;
				CLANG_WARN_OBJC_IMPLICIT_RETAIN_SELF = YES;
				CLANG_WARN_OBJC_LITERAL_CONVERSION = YES;
				CLANG_WARN_OBJC_ROOT_CLASS = YES_ERROR;
				CLANG_WARN_RANGE_LOOP_ANALYSIS = YES;
				CLANG_WARN_STRICT_PROTOTYPES = YES;
				CLANG_WARN_SUSPICIOUS_MOVE = YES;
				CLANG_WARN_UNGUARDED_AVAILABILITY = YES_AGGRESSIVE;
				CLANG_WARN_UNREACHABLE_CODE = YES;
				CLANG_WARN__DUPLICATE_METHOD_MATCH = YES;
				CODE_SIGN_IDENTITY = "-";
				COPY_PHASE_STRIP = NO;
				DEBUG_INFORMATION_FORMAT = dwarf;
				ENABLE_STRICT_OBJC_MSGSEND = YES;
				ENABLE_TESTABILITY = YES;
				GCC_C_LANGUAGE_STANDARD = gnu11;
				GCC_DYNAMIC_NO_PIC = NO;
				GCC_NO_COMMON_BLOCKS = YES;
				GCC_OPTIMIZATION_LEVEL = 0;
				GCC_PREPROCESSOR_DEFINITIONS = (
					"DEBUG=1",
					"$(inherited)",
				);
				GCC_WARN_64_TO_32_BIT_CONVERSION = YES;
				GCC_WARN_ABOUT_RETURN_TYPE = YES_ERROR;
				GCC_WARN_UNDECLARED_SELECTOR = YES;
				GCC_WARN_UNINITIALIZED_AUTOS = YES_AGGRESSIVE;
				GCC_WARN_UNUSED_FUNCTION = YES;
				GCC_WARN_UNUSED_VARIABLE = YES;
				MACOSX_DEPLOYMENT_TARGET = 10.14;
				MTL_ENABLE_DEBUG_INFO = INCLUDE_SOURCE;
				MTL_FAST_MATH = YES;
				ONLY_ACTIVE_ARCH = YES;
				SDKROOT = macosx;
			};
			name = Debug;
		};
		3FFE91CF22C04EC30056D486 /* Release */ = {
			isa = XCBuildConfiguration;
			buildSettings = {
				ALWAYS_SEARCH_USER_PATHS = NO;
				CLANG_ANALYZER_NONNULL = YES;
				CLANG_ANALYZER_NUMBER_OBJECT_CONVERSION = YES_AGGRESSIVE;
				CLANG_CXX_LANGUAGE_STANDARD = "gnu++14";
				CLANG_CXX_LIBRARY = "libc++";
				CLANG_ENABLE_MODULES = YES;
				CLANG_ENABLE_OBJC_ARC = YES;
				CLANG_ENABLE_OBJC_WEAK = YES;
				CLANG_WARN_BLOCK_CAPTURE_AUTORELEASING = YES;
				CLANG_WARN_BOOL_CONVERSION = YES;
				CLANG_WARN_COMMA = YES;
				CLANG_WARN_CONSTANT_CONVERSION = YES;
				CLANG_WARN_DEPRECATED_OBJC_IMPLEMENTATIONS = YES;
				CLANG_WARN_DIRECT_OBJC_ISA_USAGE = YES_ERROR;
				CLANG_WARN_DOCUMENTATION_COMMENTS = YES;
				CLANG_WARN_EMPTY_BODY = YES;
				CLANG_WARN_ENUM_CONVERSION = YES;
				CLANG_WARN_INFINITE_RECURSION = YES;
				CLANG_WARN_INT_CONVERSION = YES;
				CLANG_WARN_NON_LITERAL_NULL_CONVERSION = YES;
				CLANG_WARN_OBJC_IMPLICIT_RETAIN_SELF = YES;
				CLANG_WARN_OBJC_LITERAL_CONVERSION = YES;
				CLANG_WARN_OBJC_ROOT_CLASS = YES_ERROR;
				CLANG_WARN_RANGE_LOOP_ANALYSIS = YES;
				CLANG_WARN_STRICT_PROTOTYPES = YES;
				CLANG_WARN_SUSPICIOUS_MOVE = YES;
				CLANG_WARN_UNGUARDED_AVAILABILITY = YES_AGGRESSIVE;
				CLANG_WARN_UNREACHABLE_CODE = YES;
				CLANG_WARN__DUPLICATE_METHOD_MATCH = YES;
				CODE_SIGN_IDENTITY = "-";
				COPY_PHASE_STRIP = NO;
				DEBUG_INFORMATION_FORMAT = "dwarf-with-dsym";
				ENABLE_NS_ASSERTIONS = NO;
				ENABLE_STRICT_OBJC_MSGSEND = YES;
				GCC_C_LANGUAGE_STANDARD = gnu11;
				GCC_NO_COMMON_BLOCKS = YES;
				GCC_WARN_64_TO_32_BIT_CONVERSION = YES;
				GCC_WARN_ABOUT_RETURN_TYPE = YES_ERROR;
				GCC_WARN_UNDECLARED_SELECTOR = YES;
				GCC_WARN_UNINITIALIZED_AUTOS = YES_AGGRESSIVE;
				GCC_WARN_UNUSED_FUNCTION = YES;
				GCC_WARN_UNUSED_VARIABLE = YES;
				MACOSX_DEPLOYMENT_TARGET = 10.14;
				MTL_ENABLE_DEBUG_INFO = NO;
				MTL_FAST_MATH = YES;
				SDKROOT = macosx;
			};
			name = Release;
		};
		3FFE91D122C04EC30056D486 /* Debug */ = {
			isa = XCBuildConfiguration;
			buildSettings = {
				CODE_SIGN_STYLE = Automatic;
				PRODUCT_NAME = "$(TARGET_NAME)";
			};
			name = Debug;
		};
		3FFE91D222C04EC30056D486 /* Release */ = {
			isa = XCBuildConfiguration;
			buildSettings = {
				CODE_SIGN_STYLE = Automatic;
				PRODUCT_NAME = "$(TARGET_NAME)";
			};
			name = Release;
		};
/* End XCBuildConfiguration section */

/* Begin XCConfigurationList section */
		3FFE91C422C04EC30056D486 /* Build configuration list for PBXProject "汤老师的通讯录" */ = {
			isa = XCConfigurationList;
			buildConfigurations = (
				3FFE91CE22C04EC30056D486 /* Debug */,
				3FFE91CF22C04EC30056D486 /* Release */,
			);
			defaultConfigurationIsVisible = 0;
			defaultConfigurationName = Release;
		};
		3FFE91D022C04EC30056D486 /* Build configuration list for PBXNativeTarget "汤老师的通讯录" */ = {
			isa = XCConfigurationList;
			buildConfigurations = (
				3FFE91D122C04EC30056D486 /* Debug */,
				3FFE91D222C04EC30056D486 /* Release */,
			);
			defaultConfigurationIsVisible = 0;
			defaultConfigurationName = Release;
		};
/* End XCConfigurationList section */
	};
	rootObject = 3FFE91C122C04EC30056D486 /* Project object */;
}
